
Microsoft Visual Studio Solution File, Format Version 12.00
# Visual Studio 15
Project("{FAE04EC0-301F-11D3-BF4B-00C04F79EFBC}") = "UnityEngine.UI", "UnityEngine.UI.csproj", "{FE2A3AF0-CFC8-E237-2F8C-B3870AFDC602}"
EndProject
Project("{FAE04EC0-301F-11D3-BF4B-00C04F79EFBC}") = "Assembly-CSharp", "Assembly-CSharp.csproj", "{169D1014-19C4-67DF-4EE1-D784D048D10F}"
EndProject
Project("{FAE04EC0-301F-11D3-BF4B-00C04F79EFBC}") = "Unity.2D.Tilemap.Editor", "Unity.2D.Tilemap.Editor.csproj", "{FE94BA62-1CC0-3AAC-48D0-F4205BC76125}"
EndProject
Project("{FAE04EC0-301F-11D3-BF4B-00C04F79EFBC}") = "Unity.2D.Sprite.Editor", "Unity.2D.Sprite.Editor.csproj", "{A8728BEA-91C8-A3B3-78DF-FCFCD65BDA44}"
EndProject
Project("{FAE04EC0-301F-11D3-BF4B-00C04F79EFBC}") = "UnityEditor.UI", "UnityEditor.UI.csproj", "{3E1C79F2-D5D2-AD51-21AE-095AA12311F6}"
EndProject
Global
	GlobalSection(SolutionConfigurationPlatforms) = preSolution
		Debug|Any CPU = Debug|Any CPU
		Release|Any CPU = Release|Any CPU
	EndGlobalSection
	GlobalSection(ProjectConfigurationPlatforms) = postSolution
		{FE2A3AF0-CFC8-E237-2F8C-B3870AFDC602}.Debug|Any CPU.ActiveCfg = Debug|Any CPU
		{FE2A3AF0-CFC8-E237-2F8C-B3870AFDC602}.Debug|Any CPU.Build.0 = Debug|Any CPU
		{FE2A3AF0-CFC8-E237-2F8C-B3870AFDC602}.Release|Any CPU.ActiveCfg = Release|Any CPU
		{FE2A3AF0-CFC8-E237-2F8C-B3870AFDC602}.Release|Any CPU.Build.0 = Release|Any CPU
		{169D1014-19C4-67DF-4EE1-D784D048D10F}.Debug|Any CPU.ActiveCfg = Debug|Any CPU
		{169D1014-19C4-67DF-4EE1-D784D048D10F}.Debug|Any CPU.Build.0 = Debug|Any CPU
		{169D1014-19C4-67DF-4EE1-D784D048D10F}.Release|Any CPU.ActiveCfg = Release|Any CPU
		{169D1014-19C4-67DF-4EE1-D784D048D10F}.Release|Any CPU.Build.0 = Release|Any CPU
		{FE94BA62-1CC0-3AAC-48D0-F4205BC76125}.Debug|Any CPU.ActiveCfg = Debug|Any CPU
		{FE94BA62-1CC0-3AAC-48D0-F4205BC76125}.Debug|Any CPU.Build.0 = Debug|Any CPU
		{FE94BA62-1CC0-3AAC-48D0-F4205BC76125}.Release|Any CPU.ActiveCfg = Release|Any CPU
		{FE94BA62-1CC0-3AAC-48D0-F4205BC76125}.Release|Any CPU.Build.0 = Release|Any CPU
		{A8728BEA-91C8-A3B3-78DF-FCFCD65BDA44}.Debug|Any CPU.ActiveCfg = Debug|Any CPU
		{A8728BEA-91C8-A3B3-78DF-FCFCD65BDA44}.Debug|Any CPU.Build.0 = Debug|Any CPU
		{A8728BEA-91C8-A3B3-78DF-FCFCD65BDA44}.Release|Any CPU.ActiveCfg = Release|Any CPU
		{A8728BEA-91C8-A3B3-78DF-FCFCD65BDA44}.Release|Any CPU.Build.0 = Release|Any CPU
		{3E1C79F2-D5D2-AD51-21AE-095AA12311F6}.Debug|Any CPU.ActiveCfg = Debug|Any CPU
		{3E1C79F2-D5D2-AD51-21AE-095AA12311F6}.Debug|Any CPU.Build.0 = Debug|Any CPU
		{3E1C79F2-D5D2-AD51-21AE-095AA12311F6}.Release|Any CPU.ActiveCfg = Release|Any CPU
		{3E1C79F2-D5D2-AD51-21AE-095AA12311F6}.Release|Any CPU.Build.0 = Release|Any CPU
	EndGlobalSection
	GlobalSection(SolutionProperties) = preSolution
		HideSolutionNode = FALSE
	EndGlobalSection
EndGlobal
